<?xml version="1.0" encoding="utf-8"?>
<Project ToolsVersion="4.0" xmlns="http://schemas.microsoft.com/developer/msbuild/2003">
  <ItemGroup>
    <ClCompile Include="Array3D.cpp">
      <Filter>classes\model</Filter>
    </ClCompile>
    <ClCompile Include="DungCrawler.cpp">
      <Filter>classes\model</Filter>
    </ClCompile>
    <ClCompile Include="Dungeon.cpp">
      <Filter>classes\model</Filter>
    </ClCompile>
    <ClCompile Include="Chamber.cpp">
      <Filter>classes\model\chamber</Filter>
    </ClCompile>
    <ClCompile Include="ChamberFactory.cpp">
      <Filter>classes\model\chamber</Filter>
    </ClCompile>
    <ClCompile Include="BossChamber.cpp">
      <Filter>classes\model\chamber</Filter>
    </ClCompile>
    <ClCompile Include="Stair.cpp">
      <Filter>classes\model\chamber</Filter>
    </ClCompile>
    <ClCompile Include="Unit.cpp">
      <Filter>classes\model\unit</Filter>
    </ClCompile>
    <ClCompile Include="Hero.cpp">
      <Filter>classes\model\unit</Filter>
    </ClCompile>
    <ClCompile Include="Enemy.cpp">
      <Filter>classes\model\unit</Filter>
    </ClCompile>
    <ClCompile Include="SpikeTrap.cpp">
      <Filter>classes\model\traps</Filter>
    </ClCompile>
    <ClCompile Include="Trap.cpp">
      <Filter>classes\model\traps</Filter>
    </ClCompile>
    <ClCompile Include="Potion.cpp">
      <Filter>classes\model\items</Filter>
    </ClCompile>
    <ClCompile Include="Weapon.cpp">
      <Filter>classes\model\items</Filter>
    </ClCompile>
    <ClCompile Include="Item.cpp">
      <Filter>classes\model\items</Filter>
    </ClCompile>
    <ClCompile Include="MainView.cpp">
      <Filter>classes</Filter>
    </ClCompile>
    <ClCompile Include="MainController.cpp">
      <Filter>classes</Filter>
    </ClCompile>
    <ClCompile Include="Level.cpp">
      <Filter>classes\model\chamber</Filter>
    </ClCompile>
    <ClCompile Include="Command.cpp">
      <Filter>classes\model\commands</Filter>
    </ClCompile>
    <ClCompile Include="CommandFactory.cpp">
      <Filter>classes\model\commands</Filter>
    </ClCompile>
    <ClCompile Include="GoCommand.cpp">
      <Filter>classes\model\commands</Filter>
    </ClCompile>
    <ClCompile Include="StartCommand.cpp">
      <Filter>classes\model\commands</Filter>
    </ClCompile>
    <ClCompile Include="QuitCommand.cpp">
      <Filter>classes\model\commands</Filter>
    </ClCompile>
    <ClCompile Include="FightCommand.cpp">
      <Filter>classes\model\commands</Filter>
    </ClCompile>
    <ClCompile Include="LoadCommand.cpp">
      <Filter>classes\model\commands</Filter>
    </ClCompile>
    <ClCompile Include="SaveCommand.cpp">
      <Filter>classes\model\commands</Filter>
    </ClCompile>
    <ClCompile Include="SeeCommand.cpp">
      <Filter>classes\model\commands</Filter>
    </ClCompile>
    <ClCompile Include="UseCommand.cpp">
      <Filter>classes\model\commands</Filter>
    </ClCompile>
    <ClCompile Include="InputHandler.cpp">
      <Filter>classes</Filter>
    </ClCompile>
    <ClCompile Include="HelpCommand.cpp">
      <Filter>classes\model\commands</Filter>
    </ClCompile>
    <ClCompile Include="EnemyFactory.cpp">
      <Filter>classes\model\unit</Filter>
    </ClCompile>
    <ClCompile Include="ItemFactory.cpp">
      <Filter>classes\model\items</Filter>
    </ClCompile>
    <ClCompile Include="Talisman.cpp">
      <Filter>classes\model\items</Filter>
    </ClCompile>
  </ItemGroup>
  <ItemGroup>
    <ClInclude Include="MainView.h">
      <Filter>headers</Filter>
    </ClInclude>
    <ClInclude Include="MainController.h">
      <Filter>headers</Filter>
    </ClInclude>
    <ClInclude Include="targetver.h">
      <Filter>headers</Filter>
    </ClInclude>
    <ClInclude Include="stdafx.h">
      <Filter>headers</Filter>
    </ClInclude>
    <ClInclude Include="BossChamber.h">
      <Filter>headers\model\chamber</Filter>
    </ClInclude>
    <ClInclude Include="Chamber.h">
      <Filter>headers\model\chamber</Filter>
    </ClInclude>
    <ClInclude Include="ChamberFactory.h">
      <Filter>headers\model\chamber</Filter>
    </ClInclude>
    <ClInclude Include="Enemy.h">
      <Filter>headers\model\unit</Filter>
    </ClInclude>
    <ClInclude Include="Hero.h">
      <Filter>headers\model\unit</Filter>
    </ClInclude>
    <ClInclude Include="Item.h">
      <Filter>headers\model\items</Filter>
    </ClInclude>
    <ClInclude Include="Level.h">
      <Filter>headers\model\chamber</Filter>
    </ClInclude>
    <ClInclude Include="Potion.h">
      <Filter>headers\model\items</Filter>
    </ClInclude>
    <ClInclude Include="SpikeTrap.h">
      <Filter>headers\model\traps</Filter>
    </ClInclude>
    <ClInclude Include="Stair.h">
      <Filter>headers\model\chamber</Filter>
    </ClInclude>
    <ClInclude Include="Trap.h">
      <Filter>headers\model\traps</Filter>
    </ClInclude>
    <ClInclude Include="Unit.h">
      <Filter>headers\model\unit</Filter>
    </ClInclude>
    <ClInclude Include="Weapon.h">
      <Filter>headers\model\items</Filter>
    </ClInclude>
    <ClInclude Include="Dungeon.h">
      <Filter>headers\model</Filter>
    </ClInclude>
    <ClInclude Include="Array3D.h">
      <Filter>headers\model</Filter>
    </ClInclude>
    <ClInclude Include="Direction.h">
      <Filter>headers\model</Filter>
    </ClInclude>
    <ClInclude Include="Command.h">
      <Filter>headers\model\commands</Filter>
    </ClInclude>
    <ClInclude Include="CommandFactory.h">
      <Filter>headers\model\commands</Filter>
    </ClInclude>
    <ClInclude Include="GoCommand.h">
      <Filter>headers\model\commands</Filter>
    </ClInclude>
    <ClInclude Include="StartCommand.h">
      <Filter>headers\model\commands</Filter>
    </ClInclude>
    <ClInclude Include="QuitCommand.h">
      <Filter>headers\model\commands</Filter>
    </ClInclude>
    <ClInclude Include="FightCommand.h">
      <Filter>headers\model\commands</Filter>
    </ClInclude>
    <ClInclude Include="LoadCommand.h">
      <Filter>headers\model\commands</Filter>
    </ClInclude>
    <ClInclude Include="SaveCommand.h">
      <Filter>headers\model\commands</Filter>
    </ClInclude>
    <ClInclude Include="SeeCommand.h">
      <Filter>headers\model\commands</Filter>
    </ClInclude>
    <ClInclude Include="UseCommand.h">
      <Filter>headers\model\commands</Filter>
    </ClInclude>
    <ClInclude Include="InputHandler.h">
      <Filter>headers</Filter>
    </ClInclude>
    <ClInclude Include="HelpCommand.h">
      <Filter>headers\model\commands</Filter>
    </ClInclude>
    <ClInclude Include="EnemyFactory.h">
      <Filter>headers\model\unit</Filter>
    </ClInclude>
    <ClInclude Include="UnitType.h">
      <Filter>headers\model\unit</Filter>
    </ClInclude>
    <ClInclude Include="ItemFactory.h">
      <Filter>headers\model\items</Filter>
    </ClInclude>
    <ClInclude Include="Talisman.h">
      <Filter>headers\model\items</Filter>
    </ClInclude>
    <ClInclude Include="SilverCompass.h">
      <Filter>headers\model\items</Filter>
    </ClInclude>
    <ClInclude Include="HandGrenade.h">
      <Filter>headers\model\items</Filter>
    </ClInclude>
  </ItemGroup>
  <ItemGroup>
    <Filter Include="headers">
      <UniqueIdentifier>{0427224f-200c-44f6-8658-d980baa6841e}</UniqueIdentifier>
    </Filter>
    <Filter Include="classes">
      <UniqueIdentifier>{7c6c3993-d0b2-4087-beb7-4a04a06b2296}</UniqueIdentifier>
    </Filter>
    <Filter Include="classes\model">
      <UniqueIdentifier>{c9f36d87-124f-4d49-830a-a485eb6d94d7}</UniqueIdentifier>
    </Filter>
    <Filter Include="classes\model\chamber">
      <UniqueIdentifier>{d44d0eb2-6b85-40be-95f2-52ce57489358}</UniqueIdentifier>
    </Filter>
    <Filter Include="classes\model\unit">
      <UniqueIdentifier>{2c66cbb6-54e5-4aa3-9014-dd4fe41020a1}</UniqueIdentifier>
    </Filter>
    <Filter Include="classes\model\traps">
      <UniqueIdentifier>{6aa88f28-0001-46f3-9440-00f21da3ba66}</UniqueIdentifier>
    </Filter>
    <Filter Include="classes\model\items">
      <UniqueIdentifier>{eea6ea5c-18db-4fe2-9a0c-40fdbb25644f}</UniqueIdentifier>
    </Filter>
    <Filter Include="headers\model">
      <UniqueIdentifier>{56565152-b5df-4056-a84c-fa0551252bd3}</UniqueIdentifier>
    </Filter>
    <Filter Include="headers\model\chamber">
      <UniqueIdentifier>{cf025a86-5146-4b59-b6e7-634feeddb7fd}</UniqueIdentifier>
    </Filter>
    <Filter Include="headers\model\items">
      <UniqueIdentifier>{86694248-9618-460d-9c98-32dfe9cabbfc}</UniqueIdentifier>
    </Filter>
    <Filter Include="headers\model\traps">
      <UniqueIdentifier>{6e9a3ac1-52c9-455c-a95d-a06ff7964199}</UniqueIdentifier>
    </Filter>
    <Filter Include="headers\model\unit">
      <UniqueIdentifier>{407c28f1-b467-4ed7-bdea-f989b22af6f3}</UniqueIdentifier>
    </Filter>
    <Filter Include="headers\model\commands">
      <UniqueIdentifier>{5d0a3fe8-16b2-45f9-9feb-74574cc540b7}</UniqueIdentifier>
    </Filter>
    <Filter Include="classes\model\commands">
      <UniqueIdentifier>{6147033c-8923-4651-9c40-8ee32daa3292}</UniqueIdentifier>
    </Filter>
  </ItemGroup>
  <ItemGroup>
    <Text Include="ReadMe.txt">
      <Filter>classes\model</Filter>
    </Text>
  </ItemGroup>
</Project>